
Microsoft Visual Studio Solution File, Format Version 12.00
# Visual Studio 15
VisualStudioVersion = 15.0.27428.2002
MinimumVisualStudioVersion = 10.0.40219.1
Project("{FAE04EC0-301F-11D3-BF4B-00C04F79EFBC}") = "Dogwood", "Dogwood\Dogwood.csproj", "{FCC4D0AA-A06B-470C-867B-AD4F3280FC3E}"
EndProject
Project("{9A19103F-16F7-4668-BE54-9A1E7A4F7556}") = "DeeVeeOP", "..\DeeVeeOP\DeeVeeOP\DeeVeeOP.csproj", "{D52FA06B-AA2A-45F4-B83F-C3958D1A7977}"
EndProject
Global
	GlobalSection(SolutionConfigurationPlatforms) = preSolution
		Debug|Any CPU = Debug|Any CPU
		Release|Any CPU = Release|Any CPU
	EndGlobalSection
	GlobalSection(ProjectConfigurationPlatforms) = postSolution
		{FCC4D0AA-A06B-470C-867B-AD4F3280FC3E}.Debug|Any CPU.ActiveCfg = Debug|Any CPU
		{FCC4D0AA-A06B-470C-867B-AD4F3280FC3E}.Debug|Any CPU.Build.0 = Debug|Any CPU
		{FCC4D0AA-A06B-470C-867B-AD4F3280FC3E}.Release|Any CPU.ActiveCfg = Release|Any CPU
		{FCC4D0AA-A06B-470C-867B-AD4F3280FC3E}.Release|Any CPU.Build.0 = Release|Any CPU
		{D52FA06B-AA2A-45F4-B83F-C3958D1A7977}.Debug|Any CPU.ActiveCfg = Debug|Any CPU
		{D52FA06B-AA2A-45F4-B83F-C3958D1A7977}.Debug|Any CPU.Build.0 = Debug|Any CPU
		{D52FA06B-AA2A-45F4-B83F-C3958D1A7977}.Release|Any CPU.ActiveCfg = Release|Any CPU
		{D52FA06B-AA2A-45F4-B83F-C3958D1A7977}.Release|Any CPU.Build.0 = Release|Any CPU
	EndGlobalSection
	GlobalSection(SolutionProperties) = preSolution
		HideSolutionNode = FALSE
	EndGlobalSection
	GlobalSection(ExtensibilityGlobals) = postSolution
		SolutionGuid = {69809638-8F80-4321-8E7C-2357F296EFAA}
	EndGlobalSection
EndGlobal
